
Microsoft Visual Studio Solution File, Format Version 12.00
# Visual Studio 15
VisualStudioVersion = 15.0.27130.2027
MinimumVisualStudioVersion = 10.0.40219.1
Project("{888888A0-9F3D-457C-B088-3A5042F75D52}") = "PythonApplication1", "PythonApplication1\PythonApplication1.pyproj", "{5856B4F2-7C89-47E5-AB6F-FB0010007BE9}"
EndProject
Project("{888888A0-9F3D-457C-B088-3A5042F75D52}") = "PythonApplication2", "PythonApplication2\PythonApplication2.pyproj", "{0C9131AA-F91B-478E-AFD0-0A4C2B286AF2}"
EndProject
Global
	GlobalSection(SolutionConfigurationPlatforms) = preSolution
		Debug|Any CPU = Debug|Any CPU
		Release|Any CPU = Release|Any CPU
	EndGlobalSection
	GlobalSection(ProjectConfigurationPlatforms) = postSolution
		{5856B4F2-7C89-47E5-AB6F-FB0010007BE9}.Debug|Any CPU.ActiveCfg = Debug|Any CPU
		{5856B4F2-7C89-47E5-AB6F-FB0010007BE9}.Release|Any CPU.ActiveCfg = Release|Any CPU
		{0C9131AA-F91B-478E-AFD0-0A4C2B286AF2}.Debug|Any CPU.ActiveCfg = Debug|Any CPU
		{0C9131AA-F91B-478E-AFD0-0A4C2B286AF2}.Release|Any CPU.ActiveCfg = Release|Any CPU
	EndGlobalSection
	GlobalSection(SolutionProperties) = preSolution
		HideSolutionNode = FALSE
	EndGlobalSection
	GlobalSection(ExtensibilityGlobals) = postSolution
		SolutionGuid = {F8527526-F9DF-478A-8565-DA6BB3CA6172}
	EndGlobalSection
EndGlobal
